// !$*UTF8*$!
{
	archiveVersion = 1;
	classes = {
	};
	objectVersion = 50;
	objects = {

/* Begin PBXBuildFile section */
		ED82B22725E728C100E6235F /* AppDelegate.swift in Sources */ = {isa = PBXBuildFile; fileRef = ED82B22625E728C100E6235F /* AppDelegate.swift */; };
		ED82B22925E728C100E6235F /* SceneDelegate.swift in Sources */ = {isa = PBXBuildFile; fileRef = ED82B22825E728C100E6235F /* SceneDelegate.swift */; };
		ED82B22B25E728C100E6235F /* ViewController.swift in Sources */ = {isa = PBXBuildFile; fileRef = ED82B22A25E728C100E6235F /* ViewController.swift */; };
		ED82B22E25E728C100E6235F /* Main.storyboard in Resources */ = {isa = PBXBuildFile; fileRef = ED82B22C25E728C100E6235F /* Main.storyboard */; };
		ED82B23025E728C500E6235F /* Assets.xcassets in Resources */ = {isa = PBXBuildFile; fileRef = ED82B22F25E728C500E6235F /* Assets.xcassets */; };
		ED82B23325E728C500E6235F /* LaunchScreen.storyboard in Resources */ = {isa = PBXBuildFile; fileRef = ED82B23125E728C500E6235F /* LaunchScreen.storyboard */; };
		FC3A9D06260BECBE99C13C2D /* Pods_starvatester.framework in Frameworks */ = {isa = PBXBuildFile; fileRef = 750FD51E2EB332E2E9A28C83 /* Pods_starvatester.framework */; };
/* End PBXBuildFile section */

/* Begin PBXFileReference section */
		10DB1CCB23CDE3E883F1DE98 /* Pods-starvatester.release.xcconfig */ = {isa = PBXFileReference; includeInIndex = 1; lastKnownFileType = text.xcconfig; name = "Pods-starvatester.release.xcconfig"; path = "Target Support Files/Pods-starvatester/Pods-starvatester.release.xcconfig"; sourceTree = "<group>"; };
		750FD51E2EB332E2E9A28C83 /* Pods_starvatester.framework */ = {isa = PBXFileReference; explicitFileType = wrapper.framework; includeInIndex = 0; path = Pods_starvatester.framework; sourceTree = BUILT_PRODUCTS_DIR; };
		E607607E16E0AF10719E28EB /* Pods-starvatester.debug.xcconfig */ = {isa = PBXFileReference; includeInIndex = 1; lastKnownFileType = text.xcconfig; name = "Pods-starvatester.debug.xcconfig"; path = "Target Support Files/Pods-starvatester/Pods-starvatester.debug.xcconfig"; sourceTree = "<group>"; };
		ED82B22325E728C100E6235F /* starvatester.app */ = {isa = PBXFileReference; explicitFileType = wrapper.application; includeInIndex = 0; path = starvatester.app; sourceTree = BUILT_PRODUCTS_DIR; };
		ED82B22625E728C100E6235F /* AppDelegate.swift */ = {isa = PBXFileReference; lastKnownFileType = sourcecode.swift; path = AppDelegate.swift; sourceTree = "<group>"; };
		ED82B22825E728C100E6235F /* SceneDelegate.swift */ = {isa = PBXFileReference; lastKnownFileType = sourcecode.swift; path = SceneDelegate.swift; sourceTree = "<group>"; };
		ED82B22A25E728C100E6235F /* ViewController.swift */ = {isa = PBXFileReference; lastKnownFileType = sourcecode.swift; path = ViewController.swift; sourceTree = "<group>"; };
		ED82B22D25E728C100E6235F /* Base */ = {isa = PBXFileReference; lastKnownFileType = file.storyboard; name = Base; path = Base.lproj/Main.storyboard; sourceTree = "<group>"; };
		ED82B22F25E728C500E6235F /* Assets.xcassets */ = {isa = PBXFileReference; lastKnownFileType = folder.assetcatalog; path = Assets.xcassets; sourceTree = "<group>"; };
		ED82B23225E728C500E6235F /* Base */ = {isa = PBXFileReference; lastKnownFileType = file.storyboard; name = Base; path = Base.lproj/LaunchScreen.storyboard; sourceTree = "<group>"; };
		ED82B23425E728C500E6235F /* Info.plist */ = {isa = PBXFileReference; lastKnownFileType = text.plist.xml; path = Info.plist; sourceTree = "<group>"; };
/* End PBXFileReference section */

/* Begin PBXFrameworksBuildPhase section */
		ED82B22025E728C100E6235F /* Frameworks */ = {
			isa = PBXFrameworksBuildPhase;
			buildActionMask = 2147483647;
			files = (
				FC3A9D06260BECBE99C13C2D /* Pods_starvatester.framework in Frameworks */,
			);
			runOnlyForDeploymentPostprocessing = 0;
		};
/* End PBXFrameworksBuildPhase section */

/* Begin PBXGroup section */
		4A21890D061D9349CD6B0554 /* Frameworks */ = {
			isa = PBXGroup;
			children = (
				750FD51E2EB332E2E9A28C83 /* Pods_starvatester.framework */,
			);
			name = Frameworks;
			sourceTree = "<group>";
		};
		6B6C5ED661BD02389FF85A3A /* Pods */ = {
			isa = PBXGroup;
			children = (
				E607607E16E0AF10719E28EB /* Pods-starvatester.debug.xcconfig */,
				10DB1CCB23CDE3E883F1DE98 /* Pods-starvatester.release.xcconfig */,
			);
			name = Pods;
			path = Pods;
			sourceTree = "<group>";
		};
		ED82B21A25E728C100E6235F = {
			isa = PBXGroup;
			children = (
				ED82B22525E728C100E6235F /* starvatester */,
				ED82B22425E728C100E6235F /* Products */,
				6B6C5ED661BD02389FF85A3A /* Pods */,
				4A21890D061D9349CD6B0554 /* Frameworks */,
			);
			sourceTree = "<group>";
		};
		ED82B22425E728C100E6235F /* Products */ = {
			isa = PBXGroup;
			children = (
				ED82B22325E728C100E6235F /* starvatester.app */,
			);
			name = Products;
			sourceTree = "<group>";
		};
		ED82B22525E728C100E6235F /* starvatester */ = {
			isa = PBXGroup;
			children = (
				ED82B22625E728C100E6235F /* AppDelegate.swift */,
				ED82B22825E728C100E6235F /* SceneDelegate.swift */,
				ED82B22A25E728C100E6235F /* ViewController.swift */,
				ED82B22C25E728C100E6235F /* Main.storyboard */,
				ED82B22F25E728C500E6235F /* Assets.xcassets */,
				ED82B23125E728C500E6235F /* LaunchScreen.storyboard */,
				ED82B23425E728C500E6235F /* Info.plist */,
			);
			path = starvatester;
			sourceTree = "<group>";
		};
/* End PBXGroup section */

/* Begin PBXNativeTarget section */
		ED82B22225E728C100E6235F /* starvatester */ = {
			isa = PBXNativeTarget;
			buildConfigurationList = ED82B23725E728C500E6235F /* Build configuration list for PBXNativeTarget "starvatester" */;
			buildPhases = (
				EF0075F7D165B7B93C549860 /* [CP] Check Pods Manifest.lock */,
				ED82B21F25E728C100E6235F /* Sources */,
				ED82B22025E728C100E6235F /* Frameworks */,
				ED82B22125E728C100E6235F /* Resources */,
				2AE9DDD5BEE42828517022AB /* [CP] Embed Pods Frameworks */,
			);
			buildRules = (
			);
			dependencies = (
			);
			name = starvatester;
			productName = starvatester;
			productReference = ED82B22325E728C100E6235F /* starvatester.app */;
			productType = "com.apple.product-type.application";
		};
/* End PBXNativeTarget section */

/* Begin PBXProject section */
		ED82B21B25E728C100E6235F /* Project object */ = {
			isa = PBXProject;
			attributes = {
				LastSwiftUpdateCheck = 1130;
				LastUpgradeCheck = 1130;
				ORGANIZATIONNAME = "Vinis Prjs";
				TargetAttributes = {
					ED82B22225E728C100E6235F = {
						CreatedOnToolsVersion = 11.3.1;
					};
				};
			};
			buildConfigurationList = ED82B21E25E728C100E6235F /* Build configuration list for PBXProject "starvatester" */;
			compatibilityVersion = "Xcode 9.3";
			developmentRegion = en;
			hasScannedForEncodings = 0;
			knownRegions = (
				en,
				Base,
			);
			mainGroup = ED82B21A25E728C100E6235F;
			productRefGroup = ED82B22425E728C100E6235F /* Products */;
			projectDirPath = "";
			projectRoot = "";
			targets = (
				ED82B22225E728C100E6235F /* starvatester */,
			);
		};
/* End PBXProject section */

/* Begin PBXResourcesBuildPhase section */
		ED82B22125E728C100E6235F /* Resources */ = {
			isa = PBXResourcesBuildPhase;
			buildActionMask = 2147483647;
			files = (
				ED82B23325E728C500E6235F /* LaunchScreen.storyboard in Resources */,
				ED82B23025E728C500E6235F /* Assets.xcassets in Resources */,
				ED82B22E25E728C100E6235F /* Main.storyboard in Resources */,
			);
			runOnlyForDeploymentPostprocessing = 0;
		};
/* End PBXResourcesBuildPhase section */

/* Begin PBXShellScriptBuildPhase section */
		2AE9DDD5BEE42828517022AB /* [CP] Embed Pods Frameworks */ = {
			isa = PBXShellScriptBuildPhase;
			buildActionMask = 2147483647;
			files = (
			);
			inputFileListPaths = (
				"${PODS_ROOT}/Target Support Files/Pods-starvatester/Pods-starvatester-frameworks-${CONFIGURATION}-input-files.xcfilelist",
			);
			name = "[CP] Embed Pods Frameworks";
			outputFileListPaths = (
				"${PODS_ROOT}/Target Support Files/Pods-starvatester/Pods-starvatester-frameworks-${CONFIGURATION}-output-files.xcfilelist",
			);
			runOnlyForDeploymentPostprocessing = 0;
			shellPath = /bin/sh;
			shellScript = "\"${PODS_ROOT}/Target Support Files/Pods-starvatester/Pods-starvatester-frameworks.sh\"\n";
			showEnvVarsInLog = 0;
		};
		EF0075F7D165B7B93C549860 /* [CP] Check Pods Manifest.lock */ = {
			isa = PBXShellScriptBuildPhase;
			buildActionMask = 2147483647;
			files = (
			);
			inputFileListPaths = (
			);
			inputPaths = (
				"${PODS_PODFILE_DIR_PATH}/Podfile.lock",
				"${PODS_ROOT}/Manifest.lock",
			);
			name = "[CP] Check Pods Manifest.lock";
			outputFileListPaths = (
			);
			outputPaths = (
				"$(DERIVED_FILE_DIR)/Pods-starvatester-checkManifestLockResult.txt",
			);
			runOnlyForDeploymentPostprocessing = 0;
			shellPath = /bin/sh;
			shellScript = "diff \"${PODS_PODFILE_DIR_PATH}/Podfile.lock\" \"${PODS_ROOT}/Manifest.lock\" > /dev/null\nif [ $? != 0 ] ; then\n    # print error to STDERR\n    echo \"error: The sandbox is not in sync with the Podfile.lock. Run 'pod install' or update your CocoaPods installation.\" >&2\n    exit 1\nfi\n# This output is used by Xcode 'outputs' to avoid re-running this script phase.\necho \"SUCCESS\" > \"${SCRIPT_OUTPUT_FILE_0}\"\n";
			showEnvVarsInLog = 0;
		};
/* End PBXShellScriptBuildPhase section */

/* Begin PBXSourcesBuildPhase section */
		ED82B21F25E728C100E6235F /* Sources */ = {
			isa = PBXSourcesBuildPhase;
			buildActionMask = 2147483647;
			files = (
				ED82B22B25E728C100E6235F /* ViewController.swift in Sources */,
				ED82B22725E728C100E6235F /* AppDelegate.swift in Sources */,
				ED82B22925E728C100E6235F /* SceneDelegate.swift in Sources */,
			);
			runOnlyForDeploymentPostprocessing = 0;
		};
/* End PBXSourcesBuildPhase section */

/* Begin PBXVariantGroup section */
		ED82B22C25E728C100E6235F /* Main.storyboard */ = {
			isa = PBXVariantGroup;
			children = (
				ED82B22D25E728C100E6235F /* Base */,
			);
			name = Main.storyboard;
			sourceTree = "<group>";
		};
		ED82B23125E728C500E6235F /* LaunchScreen.storyboard */ = {
			isa = PBXVariantGroup;
			children = (
				ED82B23225E728C500E6235F /* Base */,
			);
			name = LaunchScreen.storyboard;
			sourceTree = "<group>";
		};
/* End PBXVariantGroup section */

/* Begin XCBuildConfiguration section */
		ED82B23525E728C500E6235F /* Debug */ = {
			isa = XCBuildConfiguration;
			buildSettings = {
				ALWAYS_SEARCH_USER_PATHS = NO;
				CLANG_ANALYZER_NONNULL = YES;
				CLANG_ANALYZER_NUMBER_OBJECT_CONVERSION = YES_AGGRESSIVE;
				CLANG_CXX_LANGUAGE_STANDARD = "gnu++14";
				CLANG_CXX_LIBRARY = "libc++";
				CLANG_ENABLE_MODULES = YES;
				CLANG_ENABLE_OBJC_ARC = YES;
				CLANG_ENABLE_OBJC_WEAK = YES;
				CLANG_WARN_BLOCK_CAPTURE_AUTORELEASING = YES;
				CLANG_WARN_BOOL_CONVERSION = YES;
				CLANG_WARN_COMMA = YES;
				CLANG_WARN_CONSTANT_CONVERSION = YES;
				CLANG_WARN_DEPRECATED_OBJC_IMPLEMENTATIONS = YES;
				CLANG_WARN_DIRECT_OBJC_ISA_USAGE = YES_ERROR;
				CLANG_WARN_DOCUMENTATION_COMMENTS = YES;
				CLANG_WARN_EMPTY_BODY = YES;
				CLANG_WARN_ENUM_CONVERSION = YES;
				CLANG_WARN_INFINITE_RECURSION = YES;
				CLANG_WARN_INT_CONVERSION = YES;
				CLANG_WARN_NON_LITERAL_NULL_CONVERSION = YES;
				CLANG_WARN_OBJC_IMPLICIT_RETAIN_SELF = YES;
				CLANG_WARN_OBJC_LITERAL_CONVERSION = YES;
				CLANG_WARN_OBJC_ROOT_CLASS = YES_ERROR;
				CLANG_WARN_RANGE_LOOP_ANALYSIS = YES;
				CLANG_WARN_STRICT_PROTOTYPES = YES;
				CLANG_WARN_SUSPICIOUS_MOVE = YES;
				CLANG_WARN_UNGUARDED_AVAILABILITY = YES_AGGRESSIVE;
				CLANG_WARN_UNREACHABLE_CODE = YES;
				CLANG_WARN__DUPLICATE_METHOD_MATCH = YES;
				COPY_PHASE_STRIP = NO;
				DEBUG_INFORMATION_FORMAT = dwarf;
				ENABLE_STRICT_OBJC_MSGSEND = YES;
				ENABLE_TESTABILITY = YES;
				GCC_C_LANGUAGE_STANDARD = gnu11;
				GCC_DYNAMIC_NO_PIC = NO;
				GCC_NO_COMMON_BLOCKS = YES;
				GCC_OPTIMIZATION_LEVEL = 0;
				GCC_PREPROCESSOR_DEFINITIONS = (
					"DEBUG=1",
					"$(inherited)",
				);
				GCC_WARN_64_TO_32_BIT_CONVERSION = YES;
				GCC_WARN_ABOUT_RETURN_TYPE = YES_ERROR;
				GCC_WARN_UNDECLARED_SELECTOR = YES;
				GCC_WARN_UNINITIALIZED_AUTOS = YES_AGGRESSIVE;
				GCC_WARN_UNUSED_FUNCTION = YES;
				GCC_WARN_UNUSED_VARIABLE = YES;
				IPHONEOS_DEPLOYMENT_TARGET = 13.2;
				MTL_ENABLE_DEBUG_INFO = INCLUDE_SOURCE;
				MTL_FAST_MATH = YES;
				ONLY_ACTIVE_ARCH = YES;
				SDKROOT = iphoneos;
				SWIFT_ACTIVE_COMPILATION_CONDITIONS = DEBUG;
				SWIFT_OPTIMIZATION_LEVEL = "-Onone";
			};
			name = Debug;
		};
		ED82B23625E728C500E6235F /* Release */ = {
			isa = XCBuildConfiguration;
			buildSettings = {
				ALWAYS_SEARCH_USER_PATHS = NO;
				CLANG_ANALYZER_NONNULL = YES;
				CLANG_ANALYZER_NUMBER_OBJECT_CONVERSION = YES_AGGRESSIVE;
				CLANG_CXX_LANGUAGE_STANDARD = "gnu++14";
				CLANG_CXX_LIBRARY = "libc++";
				CLANG_ENABLE_MODULES = YES;
				CLANG_ENABLE_OBJC_ARC = YES;
				CLANG_ENABLE_OBJC_WEAK = YES;
				CLANG_WARN_BLOCK_CAPTURE_AUTORELEASING = YES;
				CLANG_WARN_BOOL_CONVERSION = YES;
				CLANG_WARN_COMMA = YES;
				CLANG_WARN_CONSTANT_CONVERSION = YES;
				CLANG_WARN_DEPRECATED_OBJC_IMPLEMENTATIONS = YES;
				CLANG_WARN_DIRECT_OBJC_ISA_USAGE = YES_ERROR;
				CLANG_WARN_DOCUMENTATION_COMMENTS = YES;
				CLANG_WARN_EMPTY_BODY = YES;
				CLANG_WARN_ENUM_CONVERSION = YES;
				CLANG_WARN_INFINITE_RECURSION = YES;
				CLANG_WARN_INT_CONVERSION = YES;
				CLANG_WARN_NON_LITERAL_NULL_CONVERSION = YES;
				CLANG_WARN_OBJC_IMPLICIT_RETAIN_SELF = YES;
				CLANG_WARN_OBJC_LITERAL_CONVERSION = YES;
				CLANG_WARN_OBJC_ROOT_CLASS = YES_ERROR;
				CLANG_WARN_RANGE_LOOP_ANALYSIS = YES;
				CLANG_WARN_STRICT_PROTOTYPES = YES;
				CLANG_WARN_SUSPICIOUS_MOVE = YES;
				CLANG_WARN_UNGUARDED_AVAILABILITY = YES_AGGRESSIVE;
				CLANG_WARN_UNREACHABLE_CODE = YES;
				CLANG_WARN__DUPLICATE_METHOD_MATCH = YES;
				COPY_PHASE_STRIP = NO;
				DEBUG_INFORMATION_FORMAT = "dwarf-with-dsym";
				ENABLE_NS_ASSERTIONS = NO;
				ENABLE_STRICT_OBJC_MSGSEND = YES;
				GCC_C_LANGUAGE_STANDARD = gnu11;
				GCC_NO_COMMON_BLOCKS = YES;
				GCC_WARN_64_TO_32_BIT_CONVERSION = YES;
				GCC_WARN_ABOUT_RETURN_TYPE = YES_ERROR;
				GCC_WARN_UNDECLARED_SELECTOR = YES;
				GCC_WARN_UNINITIALIZED_AUTOS = YES_AGGRESSIVE;
				GCC_WARN_UNUSED_FUNCTION = YES;
				GCC_WARN_UNUSED_VARIABLE = YES;
				IPHONEOS_DEPLOYMENT_TARGET = 13.2;
				MTL_ENABLE_DEBUG_INFO = NO;
				MTL_FAST_MATH = YES;
				SDKROOT = iphoneos;
				SWIFT_COMPILATION_MODE = wholemodule;
				SWIFT_OPTIMIZATION_LEVEL = "-O";
				VALIDATE_PRODUCT = YES;
			};
			name = Release;
		};
		ED82B23825E728C500E6235F /* Debug */ = {
			isa = XCBuildConfiguration;
			baseConfigurationReference = E607607E16E0AF10719E28EB /* Pods-starvatester.debug.xcconfig */;
			buildSettings = {
				ASSETCATALOG_COMPILER_APPICON_NAME = AppIcon;
				CODE_SIGN_STYLE = Automatic;
				DEVELOPMENT_TEAM = 7T5P9FU2SD;
				INFOPLIST_FILE = starvatester/Info.plist;
				LD_RUNPATH_SEARCH_PATHS = (
					"$(inherited)",
					"@executable_path/Frameworks",
				);
				PRODUCT_BUNDLE_IDENTIFIER = viniprjs.starvatester;
				PRODUCT_NAME = "$(TARGET_NAME)";
				SWIFT_VERSION = 5.0;
				TARGETED_DEVICE_FAMILY = "1,2";
			};
			name = Debug;
		};
		ED82B23925E728C500E6235F /* Release */ = {
			isa = XCBuildConfiguration;
			baseConfigurationReference = 10DB1CCB23CDE3E883F1DE98 /* Pods-starvatester.release.xcconfig */;
			buildSettings = {
				ASSETCATALOG_COMPILER_APPICON_NAME = AppIcon;
				CODE_SIGN_STYLE = Automatic;
				DEVELOPMENT_TEAM = 7T5P9FU2SD;
				INFOPLIST_FILE = starvatester/Info.plist;
				LD_RUNPATH_SEARCH_PATHS = (
					"$(inherited)",
					"@executable_path/Frameworks",
				);
				PRODUCT_BUNDLE_IDENTIFIER = viniprjs.starvatester;
				PRODUCT_NAME = "$(TARGET_NAME)";
				SWIFT_VERSION = 5.0;
				TARGETED_DEVICE_FAMILY = "1,2";
			};
			name = Release;
		};
/* End XCBuildConfiguration section */

/* Begin XCConfigurationList section */
		ED82B21E25E728C100E6235F /* Build configuration list for PBXProject "starvatester" */ = {
			isa = XCConfigurationList;
			buildConfigurations = (
				ED82B23525E728C500E6235F /* Debug */,
				ED82B23625E728C500E6235F /* Release */,
			);
			defaultConfigurationIsVisible = 0;
			defaultConfigurationName = Release;
		};
		ED82B23725E728C500E6235F /* Build configuration list for PBXNativeTarget "starvatester" */ = {
			isa = XCConfigurationList;
			buildConfigurations = (
				ED82B23825E728C500E6235F /* Debug */,
				ED82B23925E728C500E6235F /* Release */,
			);
			defaultConfigurationIsVisible = 0;
			defaultConfigurationName = Release;
		};
/* End XCConfigurationList section */
	};
	rootObject = ED82B21B25E728C100E6235F /* Project object */;
}
