// !$*UTF8*$!
{
	archiveVersion = 1;
	classes = {
	};
	objectVersion = 51;
	objects = {

/* Begin PBXBuildFile section */
		4F6C7E4AFCE4A479B3121DA2 /* Pods_runaway.framework in Frameworks */ = {isa = PBXBuildFile; fileRef = 619025C6DF543CB792AA41A3 /* Pods_runaway.framework */; };
		7E25F3B925CFB9AD00CB1BDC /* Home.swift in Sources */ = {isa = PBXBuildFile; fileRef = 7E25F3B825CFB9AD00CB1BDC /* Home.swift */; };
		7E2FEAE125CE6DAF009A7CE8 /* LogIn.swift in Sources */ = {isa = PBXBuildFile; fileRef = 7E2FEAE025CE6DAF009A7CE8 /* LogIn.swift */; };
		7E2FEAE525CE706D009A7CE8 /* SignUp.swift in Sources */ = {isa = PBXBuildFile; fileRef = 7E2FEAE425CE706D009A7CE8 /* SignUp.swift */; };
		7E8784CB25D30793007AB580 /* RunStatus.swift in Sources */ = {isa = PBXBuildFile; fileRef = 7E8784CA25D30793007AB580 /* RunStatus.swift */; };
		7E9E493725CDD292006AE74F /* Extensions.swift in Sources */ = {isa = PBXBuildFile; fileRef = 7E9E493625CDD292006AE74F /* Extensions.swift */; };
		ED0EC26725C56D93006382DC /* AppDelegate.swift in Sources */ = {isa = PBXBuildFile; fileRef = ED0EC26625C56D93006382DC /* AppDelegate.swift */; };
		ED0EC26925C56D93006382DC /* SceneDelegate.swift in Sources */ = {isa = PBXBuildFile; fileRef = ED0EC26825C56D93006382DC /* SceneDelegate.swift */; };
		ED0EC26B25C56D93006382DC /* ViewController.swift in Sources */ = {isa = PBXBuildFile; fileRef = ED0EC26A25C56D93006382DC /* ViewController.swift */; };
		ED0EC26E25C56D93006382DC /* Main.storyboard in Resources */ = {isa = PBXBuildFile; fileRef = ED0EC26C25C56D93006382DC /* Main.storyboard */; };
		ED0EC27025C56D94006382DC /* Assets.xcassets in Resources */ = {isa = PBXBuildFile; fileRef = ED0EC26F25C56D94006382DC /* Assets.xcassets */; };
		EDE812EB25D248160072CA16 /* myTabBar.swift in Sources */ = {isa = PBXBuildFile; fileRef = EDE812EA25D248160072CA16 /* myTabBar.swift */; };
/* End PBXBuildFile section */

/* Begin PBXFileReference section */
		2E2A03C3753345ECFAB7471F /* Pods-runaway.debug.xcconfig */ = {isa = PBXFileReference; includeInIndex = 1; lastKnownFileType = text.xcconfig; name = "Pods-runaway.debug.xcconfig"; path = "Target Support Files/Pods-runaway/Pods-runaway.debug.xcconfig"; sourceTree = "<group>"; };
		5E939A6900CBE90AB578FBD9 /* Pods-runaway.release.xcconfig */ = {isa = PBXFileReference; includeInIndex = 1; lastKnownFileType = text.xcconfig; name = "Pods-runaway.release.xcconfig"; path = "Target Support Files/Pods-runaway/Pods-runaway.release.xcconfig"; sourceTree = "<group>"; };
		619025C6DF543CB792AA41A3 /* Pods_runaway.framework */ = {isa = PBXFileReference; explicitFileType = wrapper.framework; includeInIndex = 0; path = Pods_runaway.framework; sourceTree = BUILT_PRODUCTS_DIR; };
		7E25F3B825CFB9AD00CB1BDC /* Home.swift */ = {isa = PBXFileReference; lastKnownFileType = sourcecode.swift; path = Home.swift; sourceTree = "<group>"; };
		7E2FEAE025CE6DAF009A7CE8 /* LogIn.swift */ = {isa = PBXFileReference; lastKnownFileType = sourcecode.swift; path = LogIn.swift; sourceTree = "<group>"; };
		7E2FEAE425CE706D009A7CE8 /* SignUp.swift */ = {isa = PBXFileReference; lastKnownFileType = sourcecode.swift; path = SignUp.swift; sourceTree = "<group>"; };
		7E8784CA25D30793007AB580 /* RunStatus.swift */ = {isa = PBXFileReference; lastKnownFileType = sourcecode.swift; path = RunStatus.swift; sourceTree = "<group>"; };
		7E9E492725CD2FA3006AE74F /* Header.h */ = {isa = PBXFileReference; lastKnownFileType = sourcecode.c.h; path = Header.h; sourceTree = "<group>"; };
		7E9E493625CDD292006AE74F /* Extensions.swift */ = {isa = PBXFileReference; lastKnownFileType = sourcecode.swift; path = Extensions.swift; sourceTree = "<group>"; };
		ED0EC26325C56D93006382DC /* runaway.app */ = {isa = PBXFileReference; explicitFileType = wrapper.application; includeInIndex = 0; path = runaway.app; sourceTree = BUILT_PRODUCTS_DIR; };
		ED0EC26625C56D93006382DC /* AppDelegate.swift */ = {isa = PBXFileReference; lastKnownFileType = sourcecode.swift; path = AppDelegate.swift; sourceTree = "<group>"; };
		ED0EC26825C56D93006382DC /* SceneDelegate.swift */ = {isa = PBXFileReference; lastKnownFileType = sourcecode.swift; path = SceneDelegate.swift; sourceTree = "<group>"; };
		ED0EC26A25C56D93006382DC /* ViewController.swift */ = {isa = PBXFileReference; lastKnownFileType = sourcecode.swift; path = ViewController.swift; sourceTree = "<group>"; };
		ED0EC26D25C56D93006382DC /* Base */ = {isa = PBXFileReference; lastKnownFileType = file.storyboard; name = Base; path = Base.lproj/Main.storyboard; sourceTree = "<group>"; };
		ED0EC26F25C56D94006382DC /* Assets.xcassets */ = {isa = PBXFileReference; lastKnownFileType = folder.assetcatalog; path = Assets.xcassets; sourceTree = "<group>"; };
		ED0EC27425C56D94006382DC /* Info.plist */ = {isa = PBXFileReference; lastKnownFileType = text.plist.xml; path = Info.plist; sourceTree = "<group>"; };
		EDE812EA25D248160072CA16 /* myTabBar.swift */ = {isa = PBXFileReference; lastKnownFileType = sourcecode.swift; path = myTabBar.swift; sourceTree = "<group>"; };
/* End PBXFileReference section */

/* Begin PBXFrameworksBuildPhase section */
		ED0EC26025C56D93006382DC /* Frameworks */ = {
			isa = PBXFrameworksBuildPhase;
			buildActionMask = 2147483647;
			files = (
				4F6C7E4AFCE4A479B3121DA2 /* Pods_runaway.framework in Frameworks */,
			);
			runOnlyForDeploymentPostprocessing = 0;
		};
/* End PBXFrameworksBuildPhase section */

/* Begin PBXGroup section */
		5A457747C6752D2FC0308D29 /* Pods */ = {
			isa = PBXGroup;
			children = (
				2E2A03C3753345ECFAB7471F /* Pods-runaway.debug.xcconfig */,
				5E939A6900CBE90AB578FBD9 /* Pods-runaway.release.xcconfig */,
			);
			path = Pods;
			sourceTree = "<group>";
		};
		ED0EC25A25C56D93006382DC = {
			isa = PBXGroup;
			children = (
				ED0EC26525C56D93006382DC /* runaway */,
				ED0EC26425C56D93006382DC /* Products */,
				5A457747C6752D2FC0308D29 /* Pods */,
				F817367D472A17ED756CB96A /* Frameworks */,
			);
			sourceTree = "<group>";
		};
		ED0EC26425C56D93006382DC /* Products */ = {
			isa = PBXGroup;
			children = (
				ED0EC26325C56D93006382DC /* runaway.app */,
			);
			name = Products;
			sourceTree = "<group>";
		};
		ED0EC26525C56D93006382DC /* runaway */ = {
			isa = PBXGroup;
			children = (
				7E2FEAE025CE6DAF009A7CE8 /* LogIn.swift */,
				7E25F3B825CFB9AD00CB1BDC /* Home.swift */,
				7E2FEAE425CE706D009A7CE8 /* SignUp.swift */,
				ED0EC26625C56D93006382DC /* AppDelegate.swift */,
				ED0EC26825C56D93006382DC /* SceneDelegate.swift */,
				ED0EC26A25C56D93006382DC /* ViewController.swift */,
				7E9E493625CDD292006AE74F /* Extensions.swift */,
				ED0EC26C25C56D93006382DC /* Main.storyboard */,
				7E8784CA25D30793007AB580 /* RunStatus.swift */,
				ED0EC26F25C56D94006382DC /* Assets.xcassets */,
				ED0EC27425C56D94006382DC /* Info.plist */,
				EDE812EA25D248160072CA16 /* myTabBar.swift */,
			);
			path = runaway;
			sourceTree = "<group>";
		};
		F817367D472A17ED756CB96A /* Frameworks */ = {
			isa = PBXGroup;
			children = (
				619025C6DF543CB792AA41A3 /* Pods_runaway.framework */,
				7E9E492725CD2FA3006AE74F /* Header.h */,
			);
			name = Frameworks;
			sourceTree = "<group>";
		};
/* End PBXGroup section */

/* Begin PBXNativeTarget section */
		ED0EC26225C56D93006382DC /* runaway */ = {
			isa = PBXNativeTarget;
			buildConfigurationList = ED0EC27725C56D94006382DC /* Build configuration list for PBXNativeTarget "runaway" */;
			buildPhases = (
				B5650C77D9BAF6EC6C9992E2 /* [CP] Check Pods Manifest.lock */,
				ED0EC25F25C56D93006382DC /* Sources */,
				ED0EC26025C56D93006382DC /* Frameworks */,
				ED0EC26125C56D93006382DC /* Resources */,
				0DEC97E8AC844BDC6582ACE5 /* [CP] Embed Pods Frameworks */,
			);
			buildRules = (
			);
			dependencies = (
			);
			name = runaway;
			productName = runaway;
			productReference = ED0EC26325C56D93006382DC /* runaway.app */;
			productType = "com.apple.product-type.application";
		};
/* End PBXNativeTarget section */

/* Begin PBXProject section */
		ED0EC25B25C56D93006382DC /* Project object */ = {
			isa = PBXProject;
			attributes = {
				LastSwiftUpdateCheck = 1130;
				LastUpgradeCheck = 1130;
				ORGANIZATIONNAME = "Vinis Prjs";
				TargetAttributes = {
					ED0EC26225C56D93006382DC = {
						CreatedOnToolsVersion = 11.3.1;
					};
				};
			};
			buildConfigurationList = ED0EC25E25C56D93006382DC /* Build configuration list for PBXProject "runaway" */;
			compatibilityVersion = "Xcode 9.3";
			developmentRegion = en;
			hasScannedForEncodings = 0;
			knownRegions = (
				en,
				Base,
			);
			mainGroup = ED0EC25A25C56D93006382DC;
			productRefGroup = ED0EC26425C56D93006382DC /* Products */;
			projectDirPath = "";
			projectRoot = "";
			targets = (
				ED0EC26225C56D93006382DC /* runaway */,
			);
		};
/* End PBXProject section */

/* Begin PBXResourcesBuildPhase section */
		ED0EC26125C56D93006382DC /* Resources */ = {
			isa = PBXResourcesBuildPhase;
			buildActionMask = 2147483647;
			files = (
				ED0EC27025C56D94006382DC /* Assets.xcassets in Resources */,
				ED0EC26E25C56D93006382DC /* Main.storyboard in Resources */,
			);
			runOnlyForDeploymentPostprocessing = 0;
		};
/* End PBXResourcesBuildPhase section */

/* Begin PBXShellScriptBuildPhase section */
		0DEC97E8AC844BDC6582ACE5 /* [CP] Embed Pods Frameworks */ = {
			isa = PBXShellScriptBuildPhase;
			buildActionMask = 2147483647;
			files = (
			);
			inputFileListPaths = (
				"${PODS_ROOT}/Target Support Files/Pods-runaway/Pods-runaway-frameworks-${CONFIGURATION}-input-files.xcfilelist",
			);
			name = "[CP] Embed Pods Frameworks";
			outputFileListPaths = (
				"${PODS_ROOT}/Target Support Files/Pods-runaway/Pods-runaway-frameworks-${CONFIGURATION}-output-files.xcfilelist",
			);
			runOnlyForDeploymentPostprocessing = 0;
			shellPath = /bin/sh;
			shellScript = "\"${PODS_ROOT}/Target Support Files/Pods-runaway/Pods-runaway-frameworks.sh\"\n";
			showEnvVarsInLog = 0;
		};
		B5650C77D9BAF6EC6C9992E2 /* [CP] Check Pods Manifest.lock */ = {
			isa = PBXShellScriptBuildPhase;
			buildActionMask = 2147483647;
			files = (
			);
			inputFileListPaths = (
			);
			inputPaths = (
				"${PODS_PODFILE_DIR_PATH}/Podfile.lock",
				"${PODS_ROOT}/Manifest.lock",
			);
			name = "[CP] Check Pods Manifest.lock";
			outputFileListPaths = (
			);
			outputPaths = (
				"$(DERIVED_FILE_DIR)/Pods-runaway-checkManifestLockResult.txt",
			);
			runOnlyForDeploymentPostprocessing = 0;
			shellPath = /bin/sh;
			shellScript = "diff \"${PODS_PODFILE_DIR_PATH}/Podfile.lock\" \"${PODS_ROOT}/Manifest.lock\" > /dev/null\nif [ $? != 0 ] ; then\n    # print error to STDERR\n    echo \"error: The sandbox is not in sync with the Podfile.lock. Run 'pod install' or update your CocoaPods installation.\" >&2\n    exit 1\nfi\n# This output is used by Xcode 'outputs' to avoid re-running this script phase.\necho \"SUCCESS\" > \"${SCRIPT_OUTPUT_FILE_0}\"\n";
			showEnvVarsInLog = 0;
		};
/* End PBXShellScriptBuildPhase section */

/* Begin PBXSourcesBuildPhase section */
		ED0EC25F25C56D93006382DC /* Sources */ = {
			isa = PBXSourcesBuildPhase;
			buildActionMask = 2147483647;
			files = (
				7E2FEAE525CE706D009A7CE8 /* SignUp.swift in Sources */,
				7E9E493725CDD292006AE74F /* Extensions.swift in Sources */,
				7E2FEAE125CE6DAF009A7CE8 /* LogIn.swift in Sources */,
				7E8784CB25D30793007AB580 /* RunStatus.swift in Sources */,
				EDE812EB25D248160072CA16 /* myTabBar.swift in Sources */,
				ED0EC26B25C56D93006382DC /* ViewController.swift in Sources */,
				ED0EC26725C56D93006382DC /* AppDelegate.swift in Sources */,
				ED0EC26925C56D93006382DC /* SceneDelegate.swift in Sources */,
				7E25F3B925CFB9AD00CB1BDC /* Home.swift in Sources */,
			);
			runOnlyForDeploymentPostprocessing = 0;
		};
/* End PBXSourcesBuildPhase section */

/* Begin PBXVariantGroup section */
		ED0EC26C25C56D93006382DC /* Main.storyboard */ = {
			isa = PBXVariantGroup;
			children = (
				ED0EC26D25C56D93006382DC /* Base */,
			);
			name = Main.storyboard;
			sourceTree = "<group>";
		};
/* End PBXVariantGroup section */

/* Begin XCBuildConfiguration section */
		ED0EC27525C56D94006382DC /* Debug */ = {
			isa = XCBuildConfiguration;
			buildSettings = {
				ALWAYS_SEARCH_USER_PATHS = NO;
				CLANG_ANALYZER_NONNULL = YES;
				CLANG_ANALYZER_NUMBER_OBJECT_CONVERSION = YES_AGGRESSIVE;
				CLANG_CXX_LANGUAGE_STANDARD = "gnu++14";
				CLANG_CXX_LIBRARY = "libc++";
				CLANG_ENABLE_MODULES = YES;
				CLANG_ENABLE_OBJC_ARC = YES;
				CLANG_ENABLE_OBJC_WEAK = YES;
				CLANG_WARN_BLOCK_CAPTURE_AUTORELEASING = YES;
				CLANG_WARN_BOOL_CONVERSION = YES;
				CLANG_WARN_COMMA = YES;
				CLANG_WARN_CONSTANT_CONVERSION = YES;
				CLANG_WARN_DEPRECATED_OBJC_IMPLEMENTATIONS = YES;
				CLANG_WARN_DIRECT_OBJC_ISA_USAGE = YES_ERROR;
				CLANG_WARN_DOCUMENTATION_COMMENTS = YES;
				CLANG_WARN_EMPTY_BODY = YES;
				CLANG_WARN_ENUM_CONVERSION = YES;
				CLANG_WARN_INFINITE_RECURSION = YES;
				CLANG_WARN_INT_CONVERSION = YES;
				CLANG_WARN_NON_LITERAL_NULL_CONVERSION = YES;
				CLANG_WARN_OBJC_IMPLICIT_RETAIN_SELF = YES;
				CLANG_WARN_OBJC_LITERAL_CONVERSION = YES;
				CLANG_WARN_OBJC_ROOT_CLASS = YES_ERROR;
				CLANG_WARN_RANGE_LOOP_ANALYSIS = YES;
				CLANG_WARN_STRICT_PROTOTYPES = YES;
				CLANG_WARN_SUSPICIOUS_MOVE = YES;
				CLANG_WARN_UNGUARDED_AVAILABILITY = YES_AGGRESSIVE;
				CLANG_WARN_UNREACHABLE_CODE = YES;
				CLANG_WARN__DUPLICATE_METHOD_MATCH = YES;
				COPY_PHASE_STRIP = NO;
				DEBUG_INFORMATION_FORMAT = dwarf;
				ENABLE_STRICT_OBJC_MSGSEND = YES;
				ENABLE_TESTABILITY = YES;
				GCC_C_LANGUAGE_STANDARD = gnu11;
				GCC_DYNAMIC_NO_PIC = NO;
				GCC_NO_COMMON_BLOCKS = YES;
				GCC_OPTIMIZATION_LEVEL = 0;
				GCC_PREPROCESSOR_DEFINITIONS = (
					"DEBUG=1",
					"$(inherited)",
				);
				GCC_WARN_64_TO_32_BIT_CONVERSION = YES;
				GCC_WARN_ABOUT_RETURN_TYPE = YES_ERROR;
				GCC_WARN_UNDECLARED_SELECTOR = YES;
				GCC_WARN_UNINITIALIZED_AUTOS = YES_AGGRESSIVE;
				GCC_WARN_UNUSED_FUNCTION = YES;
				GCC_WARN_UNUSED_VARIABLE = YES;
				IPHONEOS_DEPLOYMENT_TARGET = 13.2;
				MTL_ENABLE_DEBUG_INFO = INCLUDE_SOURCE;
				MTL_FAST_MATH = YES;
				ONLY_ACTIVE_ARCH = YES;
				SDKROOT = iphoneos;
				SWIFT_ACTIVE_COMPILATION_CONDITIONS = DEBUG;
				SWIFT_OPTIMIZATION_LEVEL = "-Onone";
			};
			name = Debug;
		};
		ED0EC27625C56D94006382DC /* Release */ = {
			isa = XCBuildConfiguration;
			buildSettings = {
				ALWAYS_SEARCH_USER_PATHS = NO;
				CLANG_ANALYZER_NONNULL = YES;
				CLANG_ANALYZER_NUMBER_OBJECT_CONVERSION = YES_AGGRESSIVE;
				CLANG_CXX_LANGUAGE_STANDARD = "gnu++14";
				CLANG_CXX_LIBRARY = "libc++";
				CLANG_ENABLE_MODULES = YES;
				CLANG_ENABLE_OBJC_ARC = YES;
				CLANG_ENABLE_OBJC_WEAK = YES;
				CLANG_WARN_BLOCK_CAPTURE_AUTORELEASING = YES;
				CLANG_WARN_BOOL_CONVERSION = YES;
				CLANG_WARN_COMMA = YES;
				CLANG_WARN_CONSTANT_CONVERSION = YES;
				CLANG_WARN_DEPRECATED_OBJC_IMPLEMENTATIONS = YES;
				CLANG_WARN_DIRECT_OBJC_ISA_USAGE = YES_ERROR;
				CLANG_WARN_DOCUMENTATION_COMMENTS = YES;
				CLANG_WARN_EMPTY_BODY = YES;
				CLANG_WARN_ENUM_CONVERSION = YES;
				CLANG_WARN_INFINITE_RECURSION = YES;
				CLANG_WARN_INT_CONVERSION = YES;
				CLANG_WARN_NON_LITERAL_NULL_CONVERSION = YES;
				CLANG_WARN_OBJC_IMPLICIT_RETAIN_SELF = YES;
				CLANG_WARN_OBJC_LITERAL_CONVERSION = YES;
				CLANG_WARN_OBJC_ROOT_CLASS = YES_ERROR;
				CLANG_WARN_RANGE_LOOP_ANALYSIS = YES;
				CLANG_WARN_STRICT_PROTOTYPES = YES;
				CLANG_WARN_SUSPICIOUS_MOVE = YES;
				CLANG_WARN_UNGUARDED_AVAILABILITY = YES_AGGRESSIVE;
				CLANG_WARN_UNREACHABLE_CODE = YES;
				CLANG_WARN__DUPLICATE_METHOD_MATCH = YES;
				COPY_PHASE_STRIP = NO;
				DEBUG_INFORMATION_FORMAT = "dwarf-with-dsym";
				ENABLE_NS_ASSERTIONS = NO;
				ENABLE_STRICT_OBJC_MSGSEND = YES;
				GCC_C_LANGUAGE_STANDARD = gnu11;
				GCC_NO_COMMON_BLOCKS = YES;
				GCC_WARN_64_TO_32_BIT_CONVERSION = YES;
				GCC_WARN_ABOUT_RETURN_TYPE = YES_ERROR;
				GCC_WARN_UNDECLARED_SELECTOR = YES;
				GCC_WARN_UNINITIALIZED_AUTOS = YES_AGGRESSIVE;
				GCC_WARN_UNUSED_FUNCTION = YES;
				GCC_WARN_UNUSED_VARIABLE = YES;
				IPHONEOS_DEPLOYMENT_TARGET = 13.2;
				MTL_ENABLE_DEBUG_INFO = NO;
				MTL_FAST_MATH = YES;
				SDKROOT = iphoneos;
				SWIFT_COMPILATION_MODE = wholemodule;
				SWIFT_OPTIMIZATION_LEVEL = "-O";
				VALIDATE_PRODUCT = YES;
			};
			name = Release;
		};
		ED0EC27825C56D94006382DC /* Debug */ = {
			isa = XCBuildConfiguration;
			baseConfigurationReference = 2E2A03C3753345ECFAB7471F /* Pods-runaway.debug.xcconfig */;
			buildSettings = {
				ASSETCATALOG_COMPILER_APPICON_NAME = AppIcon;
				CODE_SIGN_STYLE = Automatic;
				DEVELOPMENT_TEAM = 7T5P9FU2SD;
				FRAMEWORK_SEARCH_PATHS = (
					"$(PROJECT_DIR)",
					"$(inherited)",
				);
				INFOPLIST_FILE = runaway/Info.plist;
				LD_RUNPATH_SEARCH_PATHS = (
					"$(inherited)",
					"@executable_path/Frameworks",
				);
				NEW_SETTING = "";
				PRODUCT_BUNDLE_IDENTIFIER = viniprjs.runaway;
				PRODUCT_NAME = "$(TARGET_NAME)";
				SWIFT_VERSION = 5.0;
				TARGETED_DEVICE_FAMILY = "1,2";
			};
			name = Debug;
		};
		ED0EC27925C56D94006382DC /* Release */ = {
			isa = XCBuildConfiguration;
			baseConfigurationReference = 5E939A6900CBE90AB578FBD9 /* Pods-runaway.release.xcconfig */;
			buildSettings = {
				ASSETCATALOG_COMPILER_APPICON_NAME = AppIcon;
				CODE_SIGN_STYLE = Automatic;
				DEVELOPMENT_TEAM = 7T5P9FU2SD;
				FRAMEWORK_SEARCH_PATHS = (
					"$(PROJECT_DIR)",
					"$(inherited)",
				);
				INFOPLIST_FILE = runaway/Info.plist;
				LD_RUNPATH_SEARCH_PATHS = (
					"$(inherited)",
					"@executable_path/Frameworks",
				);
				NEW_SETTING = "";
				PRODUCT_BUNDLE_IDENTIFIER = viniprjs.runaway;
				PRODUCT_NAME = "$(TARGET_NAME)";
				SWIFT_VERSION = 5.0;
				TARGETED_DEVICE_FAMILY = "1,2";
			};
			name = Release;
		};
/* End XCBuildConfiguration section */

/* Begin XCConfigurationList section */
		ED0EC25E25C56D93006382DC /* Build configuration list for PBXProject "runaway" */ = {
			isa = XCConfigurationList;
			buildConfigurations = (
				ED0EC27525C56D94006382DC /* Debug */,
				ED0EC27625C56D94006382DC /* Release */,
			);
			defaultConfigurationIsVisible = 0;
			defaultConfigurationName = Release;
		};
		ED0EC27725C56D94006382DC /* Build configuration list for PBXNativeTarget "runaway" */ = {
			isa = XCConfigurationList;
			buildConfigurations = (
				ED0EC27825C56D94006382DC /* Debug */,
				ED0EC27925C56D94006382DC /* Release */,
			);
			defaultConfigurationIsVisible = 0;
			defaultConfigurationName = Release;
		};
/* End XCConfigurationList section */
	};
	rootObject = ED0EC25B25C56D93006382DC /* Project object */;
}
